
Microsoft Visual Studio Solution File, Format Version 12.00
# Visual Studio Version 16
VisualStudioVersion = 16.0.31424.327
MinimumVisualStudioVersion = 10.0.40219.1
Project("{FAE04EC0-301F-11D3-BF4B-00C04F79EFBC}") = "WindowsFormsApp32", "WindowsFormsApp32\WindowsFormsApp32.csproj", "{7CC3A259-8D0E-4F31-8D56-985D2B148894}"
EndProject
Global
	GlobalSection(SolutionConfigurationPlatforms) = preSolution
		Debug|Any CPU = Debug|Any CPU
		Release|Any CPU = Release|Any CPU
	EndGlobalSection
	GlobalSection(ProjectConfigurationPlatforms) = postSolution
		{7CC3A259-8D0E-4F31-8D56-985D2B148894}.Debug|Any CPU.ActiveCfg = Debug|Any CPU
		{7CC3A259-8D0E-4F31-8D56-985D2B148894}.Debug|Any CPU.Build.0 = Debug|Any CPU
		{7CC3A259-8D0E-4F31-8D56-985D2B148894}.Release|Any CPU.ActiveCfg = Release|Any CPU
		{7CC3A259-8D0E-4F31-8D56-985D2B148894}.Release|Any CPU.Build.0 = Release|Any CPU
	EndGlobalSection
	GlobalSection(SolutionProperties) = preSolution
		HideSolutionNode = FALSE
	EndGlobalSection
	GlobalSection(ExtensibilityGlobals) = postSolution
		SolutionGuid = {4929C711-5C52-4929-9AAA-D20FC10621BD}
	EndGlobalSection
EndGlobal
